
Microsoft Visual Studio Solution File, Format Version 12.00
# Visual Studio Version 16
VisualStudioVersion = 16.0.31402.337
MinimumVisualStudioVersion = 10.0.40219.1
Project("{FAE04EC0-301F-11D3-BF4B-00C04F79EFBC}") = "HotelApi", "HotelApi\HotelApi.csproj", "{BE4C40DD-1B6D-49A5-AF4F-6A24E6182413}"
EndProject
Global
	GlobalSection(SolutionConfigurationPlatforms) = preSolution
		Debug|Any CPU = Debug|Any CPU
		Release|Any CPU = Release|Any CPU
	EndGlobalSection
	GlobalSection(ProjectConfigurationPlatforms) = postSolution
		{BE4C40DD-1B6D-49A5-AF4F-6A24E6182413}.Debug|Any CPU.ActiveCfg = Debug|Any CPU
		{BE4C40DD-1B6D-49A5-AF4F-6A24E6182413}.Debug|Any CPU.Build.0 = Debug|Any CPU
		{BE4C40DD-1B6D-49A5-AF4F-6A24E6182413}.Release|Any CPU.ActiveCfg = Release|Any CPU
		{BE4C40DD-1B6D-49A5-AF4F-6A24E6182413}.Release|Any CPU.Build.0 = Release|Any CPU
	EndGlobalSection
	GlobalSection(SolutionProperties) = preSolution
		HideSolutionNode = FALSE
	EndGlobalSection
	GlobalSection(ExtensibilityGlobals) = postSolution
		SolutionGuid = {2ED5C3A7-2353-4AE8-B988-AD2F4424BEDB}
	EndGlobalSection
EndGlobal
